
Microsoft Visual Studio Solution File, Format Version 12.00
# Visual Studio Version 16
VisualStudioVersion = 16.0.30225.117
MinimumVisualStudioVersion = 10.0.40219.1
Project("{FAE04EC0-301F-11D3-BF4B-00C04F79EFBC}") = "YouSuck", "YouSuck\YouSuck.csproj", "{59FA3FE3-A07D-4EE9-92C4-CC58E33E2FF8}"
EndProject
Global
	GlobalSection(SolutionConfigurationPlatforms) = preSolution
		Debug|Any CPU = Debug|Any CPU
		Release|Any CPU = Release|Any CPU
	EndGlobalSection
	GlobalSection(ProjectConfigurationPlatforms) = postSolution
		{59FA3FE3-A07D-4EE9-92C4-CC58E33E2FF8}.Debug|Any CPU.ActiveCfg = Debug|Any CPU
		{59FA3FE3-A07D-4EE9-92C4-CC58E33E2FF8}.Debug|Any CPU.Build.0 = Debug|Any CPU
		{59FA3FE3-A07D-4EE9-92C4-CC58E33E2FF8}.Release|Any CPU.ActiveCfg = Release|Any CPU
		{59FA3FE3-A07D-4EE9-92C4-CC58E33E2FF8}.Release|Any CPU.Build.0 = Release|Any CPU
	EndGlobalSection
	GlobalSection(SolutionProperties) = preSolution
		HideSolutionNode = FALSE
	EndGlobalSection
	GlobalSection(ExtensibilityGlobals) = postSolution
		SolutionGuid = {B3F92466-2176-40F4-AA8D-3C0B8969D434}
	EndGlobalSection
EndGlobal
